
Microsoft Visual Studio Solution File, Format Version 12.00
# Visual Studio 14
VisualStudioVersion = 14.0.25420.1
MinimumVisualStudioVersion = 10.0.40219.1
Project("{2150E333-8FDC-42A3-9474-1A3956D46DE8}") = "Project", "Project", "{D3474A8B-E218-44C4-8E46-75DAE7394F41}"
EndProject
Project("{2150E333-8FDC-42A3-9474-1A3956D46DE8}") = "Tests", "Tests", "{053E2E04-9162-4858-A79B-C7AAACFD5FBE}"
EndProject
Project("{2150E333-8FDC-42A3-9474-1A3956D46DE8}") = "01. Presentation", "01. Presentation", "{94F400F2-9730-41DE-875C-437DB6D88A29}"
EndProject
Project("{2150E333-8FDC-42A3-9474-1A3956D46DE8}") = "02. Application", "02. Application", "{1E68645D-DB9F-42C8-92F5-9591FC3E6FDC}"
EndProject
Project("{2150E333-8FDC-42A3-9474-1A3956D46DE8}") = "03. Domain", "03. Domain", "{9371358C-047E-45D4-92E4-DE99B8E091F6}"
EndProject
Project("{2150E333-8FDC-42A3-9474-1A3956D46DE8}") = "04. Infrastructure", "04. Infrastructure", "{92EB22CF-43E1-4C0C-9105-5BF6FEB5F5CF}"
EndProject
Project("{FAE04EC0-301F-11D3-BF4B-00C04F79EFBC}") = "Catalog.Infrastructure.Data", "Catalog.Infrastructure.Data\Catalog.Infrastructure.Data.csproj", "{3299CC1D-4561-455E-B2ED-D464BF19DC1B}"
EndProject
Project("{FAE04EC0-301F-11D3-BF4B-00C04F79EFBC}") = "Catalog.Infrastructure", "Catalog.Infrastructure\Catalog.Infrastructure.csproj", "{A8BF5311-8127-4304-9F48-FF7D860926B3}"
EndProject
Project("{FAE04EC0-301F-11D3-BF4B-00C04F79EFBC}") = "Catalog.Model", "Catalog.Model\Catalog.Model.csproj", "{C38E8CA0-0220-4A0C-89A2-50BED44D98B2}"
EndProject
Project("{FAE04EC0-301F-11D3-BF4B-00C04F79EFBC}") = "Catalog.Business.Contract", "Catalog.Business.Contract\Catalog.Business.Contract.csproj", "{8857823B-A162-482E-9A2B-49C5D7562832}"
EndProject
Project("{FAE04EC0-301F-11D3-BF4B-00C04F79EFBC}") = "Catalog.Business.Service", "Catalog.Business.Service\Catalog.Business.Service.csproj", "{933FC688-FE63-4EFE-A948-CA3E3CB4160B}"
EndProject
Project("{FAE04EC0-301F-11D3-BF4B-00C04F79EFBC}") = "Catalog.Application.Contract", "Catalog.Application.Contract\Catalog.Application.Contract.csproj", "{3A51B0FD-7E7F-48B1-945C-77AA3EF22B54}"
EndProject
Project("{FAE04EC0-301F-11D3-BF4B-00C04F79EFBC}") = "Catalog.Application.Service", "Catalog.Application.Service\Catalog.Application.Service.csproj", "{3275C6C6-3352-4F8B-AFFA-8384D872AB16}"
EndProject
Project("{FAE04EC0-301F-11D3-BF4B-00C04F79EFBC}") = "Catalog.API", "Catalog.API\Catalog.API.csproj", "{DC30D67A-28FF-4053-AA52-EC11DF827891}"
EndProject
Project("{FAE04EC0-301F-11D3-BF4B-00C04F79EFBC}") = "Catalog.Infrastructure.ExternalService", "Catalog.Infrastructure.ExternalService\Catalog.Infrastructure.ExternalService.csproj", "{2F264029-0B42-4D4D-BD1D-DBB32E043730}"
EndProject
Project("{FAE04EC0-301F-11D3-BF4B-00C04F79EFBC}") = "Catalog.Tests.Common", "Catalog.Tests.Common\Catalog.Tests.Common.csproj", "{94AA82DC-753E-4801-BDF8-1CAAA2EDD348}"
EndProject
Project("{FAE04EC0-301F-11D3-BF4B-00C04F79EFBC}") = "Catalog.Business.Service.Tests", "Catalog.Business.Service.Tests\Catalog.Business.Service.Tests.csproj", "{6644D079-1870-46B9-A63B-455FB04BC0CA}"
EndProject
Project("{FAE04EC0-301F-11D3-BF4B-00C04F79EFBC}") = "Catalog.Application.Service.Tests", "Catalog.Application.Service.Tests\Catalog.Application.Service.Tests.csproj", "{DA385EF1-22B1-4544-B421-1853883E9038}"
EndProject
Global
	GlobalSection(SolutionConfigurationPlatforms) = preSolution
		Debug|Any CPU = Debug|Any CPU
		Release|Any CPU = Release|Any CPU
	EndGlobalSection
	GlobalSection(ProjectConfigurationPlatforms) = postSolution
		{3299CC1D-4561-455E-B2ED-D464BF19DC1B}.Debug|Any CPU.ActiveCfg = Debug|Any CPU
		{3299CC1D-4561-455E-B2ED-D464BF19DC1B}.Debug|Any CPU.Build.0 = Debug|Any CPU
		{3299CC1D-4561-455E-B2ED-D464BF19DC1B}.Release|Any CPU.ActiveCfg = Release|Any CPU
		{3299CC1D-4561-455E-B2ED-D464BF19DC1B}.Release|Any CPU.Build.0 = Release|Any CPU
		{A8BF5311-8127-4304-9F48-FF7D860926B3}.Debug|Any CPU.ActiveCfg = Debug|Any CPU
		{A8BF5311-8127-4304-9F48-FF7D860926B3}.Debug|Any CPU.Build.0 = Debug|Any CPU
		{A8BF5311-8127-4304-9F48-FF7D860926B3}.Release|Any CPU.ActiveCfg = Release|Any CPU
		{A8BF5311-8127-4304-9F48-FF7D860926B3}.Release|Any CPU.Build.0 = Release|Any CPU
		{C38E8CA0-0220-4A0C-89A2-50BED44D98B2}.Debug|Any CPU.ActiveCfg = Debug|Any CPU
		{C38E8CA0-0220-4A0C-89A2-50BED44D98B2}.Debug|Any CPU.Build.0 = Debug|Any CPU
		{C38E8CA0-0220-4A0C-89A2-50BED44D98B2}.Release|Any CPU.ActiveCfg = Release|Any CPU
		{C38E8CA0-0220-4A0C-89A2-50BED44D98B2}.Release|Any CPU.Build.0 = Release|Any CPU
		{8857823B-A162-482E-9A2B-49C5D7562832}.Debug|Any CPU.ActiveCfg = Debug|Any CPU
		{8857823B-A162-482E-9A2B-49C5D7562832}.Debug|Any CPU.Build.0 = Debug|Any CPU
		{8857823B-A162-482E-9A2B-49C5D7562832}.Release|Any CPU.ActiveCfg = Release|Any CPU
		{8857823B-A162-482E-9A2B-49C5D7562832}.Release|Any CPU.Build.0 = Release|Any CPU
		{933FC688-FE63-4EFE-A948-CA3E3CB4160B}.Debug|Any CPU.ActiveCfg = Debug|Any CPU
		{933FC688-FE63-4EFE-A948-CA3E3CB4160B}.Debug|Any CPU.Build.0 = Debug|Any CPU
		{933FC688-FE63-4EFE-A948-CA3E3CB4160B}.Release|Any CPU.ActiveCfg = Release|Any CPU
		{933FC688-FE63-4EFE-A948-CA3E3CB4160B}.Release|Any CPU.Build.0 = Release|Any CPU
		{3A51B0FD-7E7F-48B1-945C-77AA3EF22B54}.Debug|Any CPU.ActiveCfg = Debug|Any CPU
		{3A51B0FD-7E7F-48B1-945C-77AA3EF22B54}.Debug|Any CPU.Build.0 = Debug|Any CPU
		{3A51B0FD-7E7F-48B1-945C-77AA3EF22B54}.Release|Any CPU.ActiveCfg = Release|Any CPU
		{3A51B0FD-7E7F-48B1-945C-77AA3EF22B54}.Release|Any CPU.Build.0 = Release|Any CPU
		{3275C6C6-3352-4F8B-AFFA-8384D872AB16}.Debug|Any CPU.ActiveCfg = Debug|Any CPU
		{3275C6C6-3352-4F8B-AFFA-8384D872AB16}.Debug|Any CPU.Build.0 = Debug|Any CPU
		{3275C6C6-3352-4F8B-AFFA-8384D872AB16}.Release|Any CPU.ActiveCfg = Release|Any CPU
		{3275C6C6-3352-4F8B-AFFA-8384D872AB16}.Release|Any CPU.Build.0 = Release|Any CPU
		{DC30D67A-28FF-4053-AA52-EC11DF827891}.Debug|Any CPU.ActiveCfg = Debug|Any CPU
		{DC30D67A-28FF-4053-AA52-EC11DF827891}.Debug|Any CPU.Build.0 = Debug|Any CPU
		{DC30D67A-28FF-4053-AA52-EC11DF827891}.Release|Any CPU.ActiveCfg = Release|Any CPU
		{DC30D67A-28FF-4053-AA52-EC11DF827891}.Release|Any CPU.Build.0 = Release|Any CPU
		{2F264029-0B42-4D4D-BD1D-DBB32E043730}.Debug|Any CPU.ActiveCfg = Debug|Any CPU
		{2F264029-0B42-4D4D-BD1D-DBB32E043730}.Debug|Any CPU.Build.0 = Debug|Any CPU
		{2F264029-0B42-4D4D-BD1D-DBB32E043730}.Release|Any CPU.ActiveCfg = Release|Any CPU
		{2F264029-0B42-4D4D-BD1D-DBB32E043730}.Release|Any CPU.Build.0 = Release|Any CPU
		{94AA82DC-753E-4801-BDF8-1CAAA2EDD348}.Debug|Any CPU.ActiveCfg = Debug|Any CPU
		{94AA82DC-753E-4801-BDF8-1CAAA2EDD348}.Debug|Any CPU.Build.0 = Debug|Any CPU
		{94AA82DC-753E-4801-BDF8-1CAAA2EDD348}.Release|Any CPU.ActiveCfg = Release|Any CPU
		{94AA82DC-753E-4801-BDF8-1CAAA2EDD348}.Release|Any CPU.Build.0 = Release|Any CPU
		{6644D079-1870-46B9-A63B-455FB04BC0CA}.Debug|Any CPU.ActiveCfg = Debug|Any CPU
		{6644D079-1870-46B9-A63B-455FB04BC0CA}.Debug|Any CPU.Build.0 = Debug|Any CPU
		{6644D079-1870-46B9-A63B-455FB04BC0CA}.Release|Any CPU.ActiveCfg = Release|Any CPU
		{6644D079-1870-46B9-A63B-455FB04BC0CA}.Release|Any CPU.Build.0 = Release|Any CPU
		{DA385EF1-22B1-4544-B421-1853883E9038}.Debug|Any CPU.ActiveCfg = Debug|Any CPU
		{DA385EF1-22B1-4544-B421-1853883E9038}.Debug|Any CPU.Build.0 = Debug|Any CPU
		{DA385EF1-22B1-4544-B421-1853883E9038}.Release|Any CPU.ActiveCfg = Release|Any CPU
		{DA385EF1-22B1-4544-B421-1853883E9038}.Release|Any CPU.Build.0 = Release|Any CPU
	EndGlobalSection
	GlobalSection(SolutionProperties) = preSolution
		HideSolutionNode = FALSE
	EndGlobalSection
	GlobalSection(NestedProjects) = preSolution
		{94F400F2-9730-41DE-875C-437DB6D88A29} = {D3474A8B-E218-44C4-8E46-75DAE7394F41}
		{1E68645D-DB9F-42C8-92F5-9591FC3E6FDC} = {D3474A8B-E218-44C4-8E46-75DAE7394F41}
		{9371358C-047E-45D4-92E4-DE99B8E091F6} = {D3474A8B-E218-44C4-8E46-75DAE7394F41}
		{92EB22CF-43E1-4C0C-9105-5BF6FEB5F5CF} = {D3474A8B-E218-44C4-8E46-75DAE7394F41}
		{3299CC1D-4561-455E-B2ED-D464BF19DC1B} = {92EB22CF-43E1-4C0C-9105-5BF6FEB5F5CF}
		{A8BF5311-8127-4304-9F48-FF7D860926B3} = {92EB22CF-43E1-4C0C-9105-5BF6FEB5F5CF}
		{C38E8CA0-0220-4A0C-89A2-50BED44D98B2} = {9371358C-047E-45D4-92E4-DE99B8E091F6}
		{8857823B-A162-482E-9A2B-49C5D7562832} = {9371358C-047E-45D4-92E4-DE99B8E091F6}
		{933FC688-FE63-4EFE-A948-CA3E3CB4160B} = {9371358C-047E-45D4-92E4-DE99B8E091F6}
		{3A51B0FD-7E7F-48B1-945C-77AA3EF22B54} = {1E68645D-DB9F-42C8-92F5-9591FC3E6FDC}
		{3275C6C6-3352-4F8B-AFFA-8384D872AB16} = {1E68645D-DB9F-42C8-92F5-9591FC3E6FDC}
		{DC30D67A-28FF-4053-AA52-EC11DF827891} = {94F400F2-9730-41DE-875C-437DB6D88A29}
		{2F264029-0B42-4D4D-BD1D-DBB32E043730} = {92EB22CF-43E1-4C0C-9105-5BF6FEB5F5CF}
		{94AA82DC-753E-4801-BDF8-1CAAA2EDD348} = {053E2E04-9162-4858-A79B-C7AAACFD5FBE}
		{6644D079-1870-46B9-A63B-455FB04BC0CA} = {053E2E04-9162-4858-A79B-C7AAACFD5FBE}
		{DA385EF1-22B1-4544-B421-1853883E9038} = {053E2E04-9162-4858-A79B-C7AAACFD5FBE}
	EndGlobalSection
EndGlobal
